
Microsoft Visual Studio Solution File, Format Version 12.00
# Visual Studio 15
VisualStudioVersion = 15.0.28307.645
MinimumVisualStudioVersion = 10.0.40219.1
Project("{FAE04EC0-301F-11D3-BF4B-00C04F79EFBC}") = "XF.Facilista.Android", "XF.Facilista\XF.Facilista.Android\XF.Facilista.Android.csproj", "{942CF551-F3AC-4F9F-9123-891963355A06}"
EndProject
Project("{FAE04EC0-301F-11D3-BF4B-00C04F79EFBC}") = "XF.Facilista.iOS", "XF.Facilista\XF.Facilista.iOS\XF.Facilista.iOS.csproj", "{09E1127F-14DA-4852-9A19-1B7D67978B0C}"
EndProject
Project("{FAE04EC0-301F-11D3-BF4B-00C04F79EFBC}") = "XF.Facilista", "XF.Facilista\XF.Facilista\XF.Facilista.csproj", "{A305859E-3D3D-46B4-837B-317FCCA87940}"
EndProject
Global
	GlobalSection(SolutionConfigurationPlatforms) = preSolution
		Ad-Hoc|Any CPU = Ad-Hoc|Any CPU
		Ad-Hoc|iPhone = Ad-Hoc|iPhone
		Ad-Hoc|iPhoneSimulator = Ad-Hoc|iPhoneSimulator
		AppStore|Any CPU = AppStore|Any CPU
		AppStore|iPhone = AppStore|iPhone
		AppStore|iPhoneSimulator = AppStore|iPhoneSimulator
		Debug|Any CPU = Debug|Any CPU
		Debug|iPhone = Debug|iPhone
		Debug|iPhoneSimulator = Debug|iPhoneSimulator
		Release|Any CPU = Release|Any CPU
		Release|iPhone = Release|iPhone
		Release|iPhoneSimulator = Release|iPhoneSimulator
	EndGlobalSection
	GlobalSection(ProjectConfigurationPlatforms) = postSolution
		{942CF551-F3AC-4F9F-9123-891963355A06}.Ad-Hoc|Any CPU.ActiveCfg = Release|Any CPU
		{942CF551-F3AC-4F9F-9123-891963355A06}.Ad-Hoc|Any CPU.Build.0 = Release|Any CPU
		{942CF551-F3AC-4F9F-9123-891963355A06}.Ad-Hoc|Any CPU.Deploy.0 = Release|Any CPU
		{942CF551-F3AC-4F9F-9123-891963355A06}.Ad-Hoc|iPhone.ActiveCfg = Release|Any CPU
		{942CF551-F3AC-4F9F-9123-891963355A06}.Ad-Hoc|iPhone.Build.0 = Release|Any CPU
		{942CF551-F3AC-4F9F-9123-891963355A06}.Ad-Hoc|iPhone.Deploy.0 = Release|Any CPU
		{942CF551-F3AC-4F9F-9123-891963355A06}.Ad-Hoc|iPhoneSimulator.ActiveCfg = Release|Any CPU
		{942CF551-F3AC-4F9F-9123-891963355A06}.Ad-Hoc|iPhoneSimulator.Build.0 = Release|Any CPU
		{942CF551-F3AC-4F9F-9123-891963355A06}.Ad-Hoc|iPhoneSimulator.Deploy.0 = Release|Any CPU
		{942CF551-F3AC-4F9F-9123-891963355A06}.AppStore|Any CPU.ActiveCfg = Release|Any CPU
		{942CF551-F3AC-4F9F-9123-891963355A06}.AppStore|Any CPU.Build.0 = Release|Any CPU
		{942CF551-F3AC-4F9F-9123-891963355A06}.AppStore|Any CPU.Deploy.0 = Release|Any CPU
		{942CF551-F3AC-4F9F-9123-891963355A06}.AppStore|iPhone.ActiveCfg = Release|Any CPU
		{942CF551-F3AC-4F9F-9123-891963355A06}.AppStore|iPhone.Build.0 = Release|Any CPU
		{942CF551-F3AC-4F9F-9123-891963355A06}.AppStore|iPhone.Deploy.0 = Release|Any CPU
		{942CF551-F3AC-4F9F-9123-891963355A06}.AppStore|iPhoneSimulator.ActiveCfg = Release|Any CPU
		{942CF551-F3AC-4F9F-9123-891963355A06}.AppStore|iPhoneSimulator.Build.0 = Release|Any CPU
		{942CF551-F3AC-4F9F-9123-891963355A06}.AppStore|iPhoneSimulator.Deploy.0 = Release|Any CPU
		{942CF551-F3AC-4F9F-9123-891963355A06}.Debug|Any CPU.ActiveCfg = Debug|Any CPU
		{942CF551-F3AC-4F9F-9123-891963355A06}.Debug|Any CPU.Build.0 = Debug|Any CPU
		{942CF551-F3AC-4F9F-9123-891963355A06}.Debug|Any CPU.Deploy.0 = Debug|Any CPU
		{942CF551-F3AC-4F9F-9123-891963355A06}.Debug|iPhone.ActiveCfg = Debug|Any CPU
		{942CF551-F3AC-4F9F-9123-891963355A06}.Debug|iPhone.Build.0 = Debug|Any CPU
		{942CF551-F3AC-4F9F-9123-891963355A06}.Debug|iPhone.Deploy.0 = Debug|Any CPU
		{942CF551-F3AC-4F9F-9123-891963355A06}.Debug|iPhoneSimulator.ActiveCfg = Debug|Any CPU
		{942CF551-F3AC-4F9F-9123-891963355A06}.Debug|iPhoneSimulator.Build.0 = Debug|Any CPU
		{942CF551-F3AC-4F9F-9123-891963355A06}.Debug|iPhoneSimulator.Deploy.0 = Debug|Any CPU
		{942CF551-F3AC-4F9F-9123-891963355A06}.Release|Any CPU.ActiveCfg = Release|Any CPU
		{942CF551-F3AC-4F9F-9123-891963355A06}.Release|Any CPU.Build.0 = Release|Any CPU
		{942CF551-F3AC-4F9F-9123-891963355A06}.Release|Any CPU.Deploy.0 = Release|Any CPU
		{942CF551-F3AC-4F9F-9123-891963355A06}.Release|iPhone.ActiveCfg = Release|Any CPU
		{942CF551-F3AC-4F9F-9123-891963355A06}.Release|iPhone.Build.0 = Release|Any CPU
		{942CF551-F3AC-4F9F-9123-891963355A06}.Release|iPhone.Deploy.0 = Release|Any CPU
		{942CF551-F3AC-4F9F-9123-891963355A06}.Release|iPhoneSimulator.ActiveCfg = Release|Any CPU
		{942CF551-F3AC-4F9F-9123-891963355A06}.Release|iPhoneSimulator.Build.0 = Release|Any CPU
		{942CF551-F3AC-4F9F-9123-891963355A06}.Release|iPhoneSimulator.Deploy.0 = Release|Any CPU
		{09E1127F-14DA-4852-9A19-1B7D67978B0C}.Ad-Hoc|Any CPU.ActiveCfg = Ad-Hoc|iPhone
		{09E1127F-14DA-4852-9A19-1B7D67978B0C}.Ad-Hoc|Any CPU.Build.0 = Ad-Hoc|iPhone
		{09E1127F-14DA-4852-9A19-1B7D67978B0C}.Ad-Hoc|Any CPU.Deploy.0 = Ad-Hoc|iPhone
		{09E1127F-14DA-4852-9A19-1B7D67978B0C}.Ad-Hoc|iPhone.ActiveCfg = Ad-Hoc|iPhone
		{09E1127F-14DA-4852-9A19-1B7D67978B0C}.Ad-Hoc|iPhone.Build.0 = Ad-Hoc|iPhone
		{09E1127F-14DA-4852-9A19-1B7D67978B0C}.Ad-Hoc|iPhone.Deploy.0 = Ad-Hoc|iPhone
		{09E1127F-14DA-4852-9A19-1B7D67978B0C}.Ad-Hoc|iPhoneSimulator.ActiveCfg = Ad-Hoc|iPhoneSimulator
		{09E1127F-14DA-4852-9A19-1B7D67978B0C}.Ad-Hoc|iPhoneSimulator.Build.0 = Ad-Hoc|iPhoneSimulator
		{09E1127F-14DA-4852-9A19-1B7D67978B0C}.Ad-Hoc|iPhoneSimulator.Deploy.0 = Ad-Hoc|iPhoneSimulator
		{09E1127F-14DA-4852-9A19-1B7D67978B0C}.AppStore|Any CPU.ActiveCfg = AppStore|iPhone
		{09E1127F-14DA-4852-9A19-1B7D67978B0C}.AppStore|Any CPU.Build.0 = AppStore|iPhone
		{09E1127F-14DA-4852-9A19-1B7D67978B0C}.AppStore|Any CPU.Deploy.0 = AppStore|iPhone
		{09E1127F-14DA-4852-9A19-1B7D67978B0C}.AppStore|iPhone.ActiveCfg = AppStore|iPhone
		{09E1127F-14DA-4852-9A19-1B7D67978B0C}.AppStore|iPhone.Build.0 = AppStore|iPhone
		{09E1127F-14DA-4852-9A19-1B7D67978B0C}.AppStore|iPhone.Deploy.0 = AppStore|iPhone
		{09E1127F-14DA-4852-9A19-1B7D67978B0C}.AppStore|iPhoneSimulator.ActiveCfg = AppStore|iPhoneSimulator
		{09E1127F-14DA-4852-9A19-1B7D67978B0C}.AppStore|iPhoneSimulator.Build.0 = AppStore|iPhoneSimulator
		{09E1127F-14DA-4852-9A19-1B7D67978B0C}.AppStore|iPhoneSimulator.Deploy.0 = AppStore|iPhoneSimulator
		{09E1127F-14DA-4852-9A19-1B7D67978B0C}.Debug|Any CPU.ActiveCfg = Debug|iPhoneSimulator
		{09E1127F-14DA-4852-9A19-1B7D67978B0C}.Debug|Any CPU.Build.0 = Debug|iPhoneSimulator
		{09E1127F-14DA-4852-9A19-1B7D67978B0C}.Debug|Any CPU.Deploy.0 = Debug|iPhoneSimulator
		{09E1127F-14DA-4852-9A19-1B7D67978B0C}.Debug|iPhone.ActiveCfg = Debug|iPhone
		{09E1127F-14DA-4852-9A19-1B7D67978B0C}.Debug|iPhone.Build.0 = Debug|iPhone
		{09E1127F-14DA-4852-9A19-1B7D67978B0C}.Debug|iPhone.Deploy.0 = Debug|iPhone
		{09E1127F-14DA-4852-9A19-1B7D67978B0C}.Debug|iPhoneSimulator.ActiveCfg = Debug|iPhoneSimulator
		{09E1127F-14DA-4852-9A19-1B7D67978B0C}.Debug|iPhoneSimulator.Build.0 = Debug|iPhoneSimulator
		{09E1127F-14DA-4852-9A19-1B7D67978B0C}.Debug|iPhoneSimulator.Deploy.0 = Debug|iPhoneSimulator
		{09E1127F-14DA-4852-9A19-1B7D67978B0C}.Release|Any CPU.ActiveCfg = Release|iPhone
		{09E1127F-14DA-4852-9A19-1B7D67978B0C}.Release|Any CPU.Build.0 = Release|iPhone
		{09E1127F-14DA-4852-9A19-1B7D67978B0C}.Release|Any CPU.Deploy.0 = Release|iPhone
		{09E1127F-14DA-4852-9A19-1B7D67978B0C}.Release|iPhone.ActiveCfg = Release|iPhone
		{09E1127F-14DA-4852-9A19-1B7D67978B0C}.Release|iPhone.Build.0 = Release|iPhone
		{09E1127F-14DA-4852-9A19-1B7D67978B0C}.Release|iPhone.Deploy.0 = Release|iPhone
		{09E1127F-14DA-4852-9A19-1B7D67978B0C}.Release|iPhoneSimulator.ActiveCfg = Release|iPhoneSimulator
		{09E1127F-14DA-4852-9A19-1B7D67978B0C}.Release|iPhoneSimulator.Build.0 = Release|iPhoneSimulator
		{09E1127F-14DA-4852-9A19-1B7D67978B0C}.Release|iPhoneSimulator.Deploy.0 = Release|iPhoneSimulator
		{A305859E-3D3D-46B4-837B-317FCCA87940}.Ad-Hoc|Any CPU.ActiveCfg = Debug|Any CPU
		{A305859E-3D3D-46B4-837B-317FCCA87940}.Ad-Hoc|Any CPU.Build.0 = Debug|Any CPU
		{A305859E-3D3D-46B4-837B-317FCCA87940}.Ad-Hoc|Any CPU.Deploy.0 = Debug|Any CPU
		{A305859E-3D3D-46B4-837B-317FCCA87940}.Ad-Hoc|iPhone.ActiveCfg = Debug|Any CPU
		{A305859E-3D3D-46B4-837B-317FCCA87940}.Ad-Hoc|iPhone.Build.0 = Debug|Any CPU
		{A305859E-3D3D-46B4-837B-317FCCA87940}.Ad-Hoc|iPhone.Deploy.0 = Debug|Any CPU
		{A305859E-3D3D-46B4-837B-317FCCA87940}.Ad-Hoc|iPhoneSimulator.ActiveCfg = Debug|Any CPU
		{A305859E-3D3D-46B4-837B-317FCCA87940}.Ad-Hoc|iPhoneSimulator.Build.0 = Debug|Any CPU
		{A305859E-3D3D-46B4-837B-317FCCA87940}.Ad-Hoc|iPhoneSimulator.Deploy.0 = Debug|Any CPU
		{A305859E-3D3D-46B4-837B-317FCCA87940}.AppStore|Any CPU.ActiveCfg = Debug|Any CPU
		{A305859E-3D3D-46B4-837B-317FCCA87940}.AppStore|Any CPU.Build.0 = Debug|Any CPU
		{A305859E-3D3D-46B4-837B-317FCCA87940}.AppStore|Any CPU.Deploy.0 = Debug|Any CPU
		{A305859E-3D3D-46B4-837B-317FCCA87940}.AppStore|iPhone.ActiveCfg = Debug|Any CPU
		{A305859E-3D3D-46B4-837B-317FCCA87940}.AppStore|iPhone.Build.0 = Debug|Any CPU
		{A305859E-3D3D-46B4-837B-317FCCA87940}.AppStore|iPhone.Deploy.0 = Debug|Any CPU
		{A305859E-3D3D-46B4-837B-317FCCA87940}.AppStore|iPhoneSimulator.ActiveCfg = Debug|Any CPU
		{A305859E-3D3D-46B4-837B-317FCCA87940}.AppStore|iPhoneSimulator.Build.0 = Debug|Any CPU
		{A305859E-3D3D-46B4-837B-317FCCA87940}.AppStore|iPhoneSimulator.Deploy.0 = Debug|Any CPU
		{A305859E-3D3D-46B4-837B-317FCCA87940}.Debug|Any CPU.ActiveCfg = Debug|Any CPU
		{A305859E-3D3D-46B4-837B-317FCCA87940}.Debug|Any CPU.Build.0 = Debug|Any CPU
		{A305859E-3D3D-46B4-837B-317FCCA87940}.Debug|Any CPU.Deploy.0 = Debug|Any CPU
		{A305859E-3D3D-46B4-837B-317FCCA87940}.Debug|iPhone.ActiveCfg = Debug|Any CPU
		{A305859E-3D3D-46B4-837B-317FCCA87940}.Debug|iPhone.Build.0 = Debug|Any CPU
		{A305859E-3D3D-46B4-837B-317FCCA87940}.Debug|iPhone.Deploy.0 = Debug|Any CPU
		{A305859E-3D3D-46B4-837B-317FCCA87940}.Debug|iPhoneSimulator.ActiveCfg = Debug|Any CPU
		{A305859E-3D3D-46B4-837B-317FCCA87940}.Debug|iPhoneSimulator.Build.0 = Debug|Any CPU
		{A305859E-3D3D-46B4-837B-317FCCA87940}.Debug|iPhoneSimulator.Deploy.0 = Debug|Any CPU
		{A305859E-3D3D-46B4-837B-317FCCA87940}.Release|Any CPU.ActiveCfg = Release|Any CPU
		{A305859E-3D3D-46B4-837B-317FCCA87940}.Release|Any CPU.Build.0 = Release|Any CPU
		{A305859E-3D3D-46B4-837B-317FCCA87940}.Release|Any CPU.Deploy.0 = Release|Any CPU
		{A305859E-3D3D-46B4-837B-317FCCA87940}.Release|iPhone.ActiveCfg = Release|Any CPU
		{A305859E-3D3D-46B4-837B-317FCCA87940}.Release|iPhone.Build.0 = Release|Any CPU
		{A305859E-3D3D-46B4-837B-317FCCA87940}.Release|iPhone.Deploy.0 = Release|Any CPU
		{A305859E-3D3D-46B4-837B-317FCCA87940}.Release|iPhoneSimulator.ActiveCfg = Release|Any CPU
		{A305859E-3D3D-46B4-837B-317FCCA87940}.Release|iPhoneSimulator.Build.0 = Release|Any CPU
		{A305859E-3D3D-46B4-837B-317FCCA87940}.Release|iPhoneSimulator.Deploy.0 = Release|Any CPU
	EndGlobalSection
	GlobalSection(SolutionProperties) = preSolution
		HideSolutionNode = FALSE
	EndGlobalSection
	GlobalSection(ExtensibilityGlobals) = postSolution
		SolutionGuid = {28422D21-7A20-4207-89BD-598EF5F2D6F8}
	EndGlobalSection
EndGlobal
